{
  "requires": true,
  "lockfileVersion": 1,
  "dependencies": {
    "react-alice-carousel": {
      "version": "2.5.1",
      "resolved": "https://registry.npmjs.org/react-alice-carousel/-/react-alice-carousel-2.5.1.tgz",
      "integrity": "sha512-UeAd+O83TEiCxbDMMd9xAOLRr+xPNFPai9W6cNQgmIfEBgOiKDdntpTnhhwfXKoirXxQcbPlg9eG7FG9D1M4SA==",
      "requires": {
        "vanilla-swipe": "^2.2.0"
      }
    },
    "vanilla-swipe": {
      "version": "2.3.0",
      "resolved": "https://registry.npmjs.org/vanilla-swipe/-/vanilla-swipe-2.3.0.tgz",
      "integrity": "sha512-4m8vZ/kckRG7RQUYNg+0lGILMHT08KEgwePlRLzediDSu7aQFBLB0V2n36vUmYqq5CVWASOzZ8zpnQFZXIbHbA=="
    }
  }
}
